
Microsoft Visual Studio Solution File, Format Version 12.00
# Visual Studio Version 16
VisualStudioVersion = 16.0.29020.237
MinimumVisualStudioVersion = 10.0.40219.1
Project("{FAE04EC0-301F-11D3-BF4B-00C04F79EFBC}") = "Lychee.Infrastructure", "Lychee.Infrastructure\Lychee.Infrastructure.csproj", "{9D31DC96-2420-4708-A602-ACEC4BE0B02A}"
EndProject
Project("{FAE04EC0-301F-11D3-BF4B-00C04F79EFBC}") = "Lychee.Infrastructure.Test", "Lychee.Infrastructure.Test\Lychee.Infrastructure.Test.csproj", "{754B40DA-5DE2-45A7-9246-5490E967A0B3}"
EndProject
Global
	GlobalSection(SolutionConfigurationPlatforms) = preSolution
		Debug|Any CPU = Debug|Any CPU
		Release|Any CPU = Release|Any CPU
	EndGlobalSection
	GlobalSection(ProjectConfigurationPlatforms) = postSolution
		{9D31DC96-2420-4708-A602-ACEC4BE0B02A}.Debug|Any CPU.ActiveCfg = Debug|Any CPU
		{9D31DC96-2420-4708-A602-ACEC4BE0B02A}.Debug|Any CPU.Build.0 = Debug|Any CPU
		{9D31DC96-2420-4708-A602-ACEC4BE0B02A}.Release|Any CPU.ActiveCfg = Release|Any CPU
		{9D31DC96-2420-4708-A602-ACEC4BE0B02A}.Release|Any CPU.Build.0 = Release|Any CPU
		{754B40DA-5DE2-45A7-9246-5490E967A0B3}.Debug|Any CPU.ActiveCfg = Debug|Any CPU
		{754B40DA-5DE2-45A7-9246-5490E967A0B3}.Debug|Any CPU.Build.0 = Debug|Any CPU
		{754B40DA-5DE2-45A7-9246-5490E967A0B3}.Release|Any CPU.ActiveCfg = Release|Any CPU
		{754B40DA-5DE2-45A7-9246-5490E967A0B3}.Release|Any CPU.Build.0 = Release|Any CPU
	EndGlobalSection
	GlobalSection(SolutionProperties) = preSolution
		HideSolutionNode = FALSE
	EndGlobalSection
	GlobalSection(ExtensibilityGlobals) = postSolution
		SolutionGuid = {D3DFA647-2EF6-4234-9B8E-D2B3394F896D}
	EndGlobalSection
EndGlobal
